
Microsoft Visual Studio Solution File, Format Version 12.00
# Visual Studio Version 17
VisualStudioVersion = 17.14.36518.9 d17.14
MinimumVisualStudioVersion = 10.0.40219.1
Project("{FAE04EC0-301F-11D3-BF4B-00C04F79EFBC}") = "BlazorTCS", "BlazorTCS\BlazorTCS.csproj", "{67707DD9-3707-46DE-A09C-9C3FBF23FA0D}"
EndProject
Global
	GlobalSection(SolutionConfigurationPlatforms) = preSolution
		Debug|Any CPU = Debug|Any CPU
		Release|Any CPU = Release|Any CPU
	EndGlobalSection
	GlobalSection(ProjectConfigurationPlatforms) = postSolution
		{67707DD9-3707-46DE-A09C-9C3FBF23FA0D}.Debug|Any CPU.ActiveCfg = Debug|Any CPU
		{67707DD9-3707-46DE-A09C-9C3FBF23FA0D}.Debug|Any CPU.Build.0 = Debug|Any CPU
		{67707DD9-3707-46DE-A09C-9C3FBF23FA0D}.Release|Any CPU.ActiveCfg = Release|Any CPU
		{67707DD9-3707-46DE-A09C-9C3FBF23FA0D}.Release|Any CPU.Build.0 = Release|Any CPU
	EndGlobalSection
	GlobalSection(SolutionProperties) = preSolution
		HideSolutionNode = FALSE
	EndGlobalSection
	GlobalSection(ExtensibilityGlobals) = postSolution
		SolutionGuid = {41CF66CC-9E31-4C33-805C-BD4BC551427C}
	EndGlobalSection
EndGlobal
